
Microsoft Visual Studio Solution File, Format Version 12.00
# Visual Studio 15
VisualStudioVersion = 15.0.28307.1062
MinimumVisualStudioVersion = 10.0.40219.1
Project("{FAE04EC0-301F-11D3-BF4B-00C04F79EFBC}") = "Yeild", "Yeild\Yeild.csproj", "{77CE999A-9837-4C50-8C0C-B9C5933E1B53}"
EndProject
Global
	GlobalSection(SolutionConfigurationPlatforms) = preSolution
		Debug|Any CPU = Debug|Any CPU
		Release|Any CPU = Release|Any CPU
	EndGlobalSection
	GlobalSection(ProjectConfigurationPlatforms) = postSolution
		{77CE999A-9837-4C50-8C0C-B9C5933E1B53}.Debug|Any CPU.ActiveCfg = Debug|Any CPU
		{77CE999A-9837-4C50-8C0C-B9C5933E1B53}.Debug|Any CPU.Build.0 = Debug|Any CPU
		{77CE999A-9837-4C50-8C0C-B9C5933E1B53}.Release|Any CPU.ActiveCfg = Release|Any CPU
		{77CE999A-9837-4C50-8C0C-B9C5933E1B53}.Release|Any CPU.Build.0 = Release|Any CPU
	EndGlobalSection
	GlobalSection(SolutionProperties) = preSolution
		HideSolutionNode = FALSE
	EndGlobalSection
	GlobalSection(ExtensibilityGlobals) = postSolution
		SolutionGuid = {C8EC7755-4229-40E1-83D9-491B9088172B}
	EndGlobalSection
EndGlobal
