
Microsoft Visual Studio Solution File, Format Version 12.00
# Visual Studio 15
VisualStudioVersion = 15.0.28307.1062
MinimumVisualStudioVersion = 10.0.40219.1
Project("{FAE04EC0-301F-11D3-BF4B-00C04F79EFBC}") = "EventHandler", "EventHandler\EventHandler.csproj", "{BE4B6AE4-FAEB-4E89-A850-C22E36A79499}"
EndProject
Global
	GlobalSection(SolutionConfigurationPlatforms) = preSolution
		Debug|Any CPU = Debug|Any CPU
		Release|Any CPU = Release|Any CPU
	EndGlobalSection
	GlobalSection(ProjectConfigurationPlatforms) = postSolution
		{BE4B6AE4-FAEB-4E89-A850-C22E36A79499}.Debug|Any CPU.ActiveCfg = Debug|Any CPU
		{BE4B6AE4-FAEB-4E89-A850-C22E36A79499}.Debug|Any CPU.Build.0 = Debug|Any CPU
		{BE4B6AE4-FAEB-4E89-A850-C22E36A79499}.Release|Any CPU.ActiveCfg = Release|Any CPU
		{BE4B6AE4-FAEB-4E89-A850-C22E36A79499}.Release|Any CPU.Build.0 = Release|Any CPU
	EndGlobalSection
	GlobalSection(SolutionProperties) = preSolution
		HideSolutionNode = FALSE
	EndGlobalSection
	GlobalSection(ExtensibilityGlobals) = postSolution
		SolutionGuid = {6220EC37-82B4-40D8-B29D-62AEDE4A42B0}
	EndGlobalSection
EndGlobal
