
Microsoft Visual Studio Solution File, Format Version 12.00
# Visual Studio 15
VisualStudioVersion = 15.0.28307.1062
MinimumVisualStudioVersion = 10.0.40219.1
Project("{FAE04EC0-301F-11D3-BF4B-00C04F79EFBC}") = "MultiArray", "MultiArray\MultiArray.csproj", "{CCFA6680-BB1D-43ED-8623-5A1833FECE37}"
EndProject
Global
	GlobalSection(SolutionConfigurationPlatforms) = preSolution
		Debug|Any CPU = Debug|Any CPU
		Release|Any CPU = Release|Any CPU
	EndGlobalSection
	GlobalSection(ProjectConfigurationPlatforms) = postSolution
		{CCFA6680-BB1D-43ED-8623-5A1833FECE37}.Debug|Any CPU.ActiveCfg = Debug|Any CPU
		{CCFA6680-BB1D-43ED-8623-5A1833FECE37}.Debug|Any CPU.Build.0 = Debug|Any CPU
		{CCFA6680-BB1D-43ED-8623-5A1833FECE37}.Release|Any CPU.ActiveCfg = Release|Any CPU
		{CCFA6680-BB1D-43ED-8623-5A1833FECE37}.Release|Any CPU.Build.0 = Release|Any CPU
	EndGlobalSection
	GlobalSection(SolutionProperties) = preSolution
		HideSolutionNode = FALSE
	EndGlobalSection
	GlobalSection(ExtensibilityGlobals) = postSolution
		SolutionGuid = {65C99D10-0560-4282-8D03-CECF8AFB13D0}
	EndGlobalSection
EndGlobal
